
Microsoft Visual Studio Solution File, Format Version 12.00
# Visual Studio Version 17
VisualStudioVersion = 17.9.34622.214
MinimumVisualStudioVersion = 10.0.40219.1
Project("{FAE04EC0-301F-11D3-BF4B-00C04F79EFBC}") = "TailorManagement", "TailorManagement\TailorManagement.csproj", "{8927619B-8A87-4050-B874-E0B0B8C2ADF7}"
EndProject
Project("{FAE04EC0-301F-11D3-BF4B-00C04F79EFBC}") = "TailorManagementModels", "TailorManagementModels\TailorManagementModels.csproj", "{7256D6BF-C52D-45F9-A267-8BC466BEB34E}"
EndProject
Global
	GlobalSection(SolutionConfigurationPlatforms) = preSolution
		Debug|Any CPU = Debug|Any CPU
		Release|Any CPU = Release|Any CPU
	EndGlobalSection
	GlobalSection(ProjectConfigurationPlatforms) = postSolution
		{8927619B-8A87-4050-B874-E0B0B8C2ADF7}.Debug|Any CPU.ActiveCfg = Debug|Any CPU
		{8927619B-8A87-4050-B874-E0B0B8C2ADF7}.Debug|Any CPU.Build.0 = Debug|Any CPU
		{8927619B-8A87-4050-B874-E0B0B8C2ADF7}.Release|Any CPU.ActiveCfg = Release|Any CPU
		{8927619B-8A87-4050-B874-E0B0B8C2ADF7}.Release|Any CPU.Build.0 = Release|Any CPU
		{7256D6BF-C52D-45F9-A267-8BC466BEB34E}.Debug|Any CPU.ActiveCfg = Debug|Any CPU
		{7256D6BF-C52D-45F9-A267-8BC466BEB34E}.Debug|Any CPU.Build.0 = Debug|Any CPU
		{7256D6BF-C52D-45F9-A267-8BC466BEB34E}.Release|Any CPU.ActiveCfg = Release|Any CPU
		{7256D6BF-C52D-45F9-A267-8BC466BEB34E}.Release|Any CPU.Build.0 = Release|Any CPU
	EndGlobalSection
	GlobalSection(SolutionProperties) = preSolution
		HideSolutionNode = FALSE
	EndGlobalSection
	GlobalSection(ExtensibilityGlobals) = postSolution
		SolutionGuid = {8B9944B3-FE1B-4D34-AAE5-952018FE980C}
	EndGlobalSection
EndGlobal
